github.com/bsm/ginkgo/v2 v2.7.0/go.mod h1:AiKlXPm7ItEHNc/2+OkrNG4E0ITzojb9/xWzvQ9XZ9w=
github.com/bsm/ginkgo/v2 v2.12.0 h1:Ny8MWAHyOepLGlLKYmXG4IEkioBysk6GpaRTLC8zwWs=
github.com/bsm/ginkgo/v2 v2.12.0/go.mod h1:SwYbGRRDovPVboqFv0tPTcG1sN61LM1Z4ARdbAV9g4c=
github.com/bsm/gomega v1.26.0/go.mod h1:JyEr/xRbxbtgWNi8tIEVPUYZ5Dzef52k01W3YH0H+O0=
github.com/bsm/gomega v1.27.10 h1:yeMWxP2pV2fG3FgAODIY8EiRE3dy0aeFYt4l7wh6yKA=
github.com/bsm/gomega v1.27.10/go.mod h1:JyEr/xRbxbtgWNi8tIEVPUYZ5Dzef52k01W3YH0H+O0=
github.com/cespare/xxhash/v2 v2.2.0 h1:DC2CZ1Ep5Y4k3ZQ899DldepgrayRUGE6BBZ/cd9Cj44=
github.com/cespare/xxhash/v2 v2.2.0/go.mod h1:VGX0DQ3Q6kWi7AoAeZDth3/j3BFtOZR5XLFGgcrjCOs=
github.com/davecgh/go-spew v1.1.1 h1:vj9j/u1bqnvCEfJOwUhtlOARqs3+rkHYY13jYWTU97c=
github.com/davecgh/go-spew v1.1.1/go.mod h1:J7Y8YcW2NihsgmVo/mv3lAwl/skON4iLHjSsI+c5H38=
github.com/dgryski/go-rendezvous v0.0.0-20200823014737-9f7001d12a5f h1:lO4WD4F/rVNCu3HqELle0jiPLLBs70cWOduZpkS1E78=
github.com/dgryski/go-rendezvous v0.0.0-20200823014737-9f7001d12a5f/go.mod h1:cuUVRXasLTGF7a8hSLbxyZXjz+1KgoB3wDUb6vlszIc=
github.com/google/uuid v1.3.0 h1:t6JiXgmwXMjEs8VusXIJk2BXHsn+wx8BZdTaoZ5fu7I=
github.com/google/uuid v1.3.0/go.mod h1:TIyPZe4MgqvfeYDBFedMoGGpEw/LqOeaOT+nhxU+yHo=
github.com/hdt3213/delayqueue v1.0.6 h1:JXlDCSZH47uQgSWPsCtBJD9tRgad3Vc2jJNPmGNaltw=
github.com/hdt3213/delayqueue v1.0.6/go.mod h1:LSAvtXWdJ/ST5QPKP0pAufJazwsp6nKMJei+0cpYwGQ=
github.com/klauspost/compress v1.17.2 h1:RlWWUY/Dr4fL8qk9YG7DTZ7PDgME2V4csBXA8L/ixi4=
github.com/klauspost/compress v1.17.2/go.mod h1:ntbaceVETuRiXiv4DpjP66DpAtAGkEQskQzEyD//IeE=
github.com/matthxwpavin/ticketing v1.0.5 h1:HvuoGCfiF2T0Ec+1VDhn7bNuDLDELBanOguEjdUCb54=
github.com/matthxwpavin/ticketing v1.0.5/go.mod h1:kr5Uqtz7xbv3RWrxm95Rk9kGeG1tkfDj8H8D4GPP8HA=
github.com/matthxwpavin/ticketing v1.3.9 h1:Co+YfFcrPUWFIEaqBFAG7fsobiz8ZViRV7jxP3kafFo=
github.com/matthxwpavin/ticketing v1.3.9/go.mod h1:k9uHXUWKFZmQ+enWI60tQQZUFnZy43jefz5cQirkRcQ=
github.com/matthxwpavin/ticketing v1.4.0 h1:9JStXuv5rQvDeDxNHUqhaM6gNR9zN3UHPNMar9pVrtA=
github.com/matthxwpavin/ticketing v1.4.0/go.mod h1:lOUiLAYRNfn+UoXuCeWV74Lr2MuSz/WtLBxYzBxcoYU=
github.com/matthxwpavin/ticketing v1.4.1 h1:rxcQVDMbaWkZCapIu5NlvJx34VW7SiESRXaDAxHO5tE=
github.com/matthxwpavin/ticketing v1.4.1/go.mod h1:lOUiLAYRNfn+UoXuCeWV74Lr2MuSz/WtLBxYzBxcoYU=
github.com/matthxwpavin/ticketing v1.4.2 h1:y9ivbhS5+nvbCLRnMGqahAngGQI1GzEq93JrO7UOD/I=
github.com/matthxwpavin/ticketing v1.4.2/go.mod h1:lOUiLAYRNfn+UoXuCeWV74Lr2MuSz/WtLBxYzBxcoYU=
github.com/matthxwpavin/ticketing v1.4.3 h1:cNTPWo+cu3LkQnG78p2hPeNhINVQtZHTFJNbDOSZNXY=
github.com/matthxwpavin/ticketing v1.4.3/go.mod h1:lOUiLAYRNfn+UoXuCeWV74Lr2MuSz/WtLBxYzBxcoYU=
github.com/matthxwpavin/ticketing v1.4.4 h1:DUlLXiITHmTsR/ID/FYZww79/0axEw6A3/LoLIJRQMU=
github.com/matthxwpavin/ticketing v1.4.4/go.mod h1:lOUiLAYRNfn+UoXuCeWV74Lr2MuSz/WtLBxYzBxcoYU=
github.com/matthxwpavin/ticketing v1.4.5 h1:EVcW8J1eU/ySmLoDOOA1wCLiw/uiSPbtjxFWM0lIst0=
github.com/matthxwpavin/ticketing v1.4.5/go.mod h1:lOUiLAYRNfn+UoXuCeWV74Lr2MuSz/WtLBxYzBxcoYU=
github.com/matthxwpavin/ticketing v1.4.6 h1:aQ9S7kRIBtmXzl6rmzUHgVYolCYqUG3yKrMAUu+9S9A=
github.com/matthxwpavin/ticketing v1.4.6/go.mod h1:lOUiLAYRNfn+UoXuCeWV74Lr2MuSz/WtLBxYzBxcoYU=
github.com/matthxwpavin/ticketing v1.4.7 h1:8HXKRRU5jQs5RBA6cWH9Zv5SqG88LHzA/2T70Ex0NMo=
github.com/matthxwpavin/ticketing v1.4.7/go.mod h1:lOUiLAYRNfn+UoXuCeWV74Lr2MuSz/WtLBxYzBxcoYU=
github.com/matthxwpavin/ticketing v1.4.8 h1:2Q1C4KZL+GHqMpXRLFHpPSk/z+IdSLBm9ekq85ph37Q=
github.com/matthxwpavin/ticketing v1.4.8/go.mod h1:lOUiLAYRNfn+UoXuCeWV74Lr2MuSz/WtLBxYzBxcoYU=
github.com/matthxwpavin/ticketing v1.4.9 h1:zuAgUtWyAN5YHFYMGKDoPhxj5RDV0sOBHJLhBxHZXe0=
github.com/matthxwpavin/ticketing v1.4.9/go.mod h1:lOUiLAYRNfn+UoXuCeWV74Lr2MuSz/WtLBxYzBxcoYU=
github.com/matthxwpavin/ticketing v1.4.10 h1:ruxXltly6tlA59+I1euEzIma1oh65IBIL/udYS79gKM=
github.com/matthxwpavin/ticketing v1.4.10/go.mod h1:lOUiLAYRNfn+UoXuCeWV74Lr2MuSz/WtLBxYzBxcoYU=
github.com/matthxwpavin/ticketing v1.4.11 h1:EKN/o5DgM+YTUE5FxycL/UIbPpPoPyx1GtT5vMm6E1g=
github.com/matthxwpavin/ticketing v1.4.11/go.mod h1:lOUiLAYRNfn+UoXuCeWV74Lr2MuSz/WtLBxYzBxcoYU=
github.com/matthxwpavin/ticketing v1.4.12 h1:PYL5prQEWROl6z8hUs2kN6kLIDwQ4Kxd9YDaneBgYT4=
github.com/matthxwpavin/ticketing v1.4.12/go.mod h1:lOUiLAYRNfn+UoXuCeWV74Lr2MuSz/WtLBxYzBxcoYU=
github.com/matthxwpavin/ticketing v1.4.13 h1:6o1d7A3DA843oJb2F/cRo10tH8g+FnQ6cIFP/XspN1Q=
github.com/matthxwpavin/ticketing v1.4.13/go.mod h1:lOUiLAYRNfn+UoXuCeWV74Lr2MuSz/WtLBxYzBxcoYU=
github.com/matthxwpavin/ticketing v1.4.14 h1:GdIyhnrLNnPF2Zvz0HHNz89kz+t3uI8BDqcAeq/7qjA=
github.com/matthxwpavin/ticketing v1.4.14/go.mod h1:lOUiLAYRNfn+UoXuCeWV74Lr2MuSz/WtLBxYzBxcoYU=
github.com/matthxwpavin/ticketing v1.4.15 h1:kMKb7ytQkQlO158Ar80tJb+57I3x9vdYGVjyc24bEeI=
github.com/matthxwpavin/ticketing v1.4.15/go.mod h1:lOUiLAYRNfn+UoXuCeWV74Lr2MuSz/WtLBxYzBxcoYU=
github.com/matthxwpavin/ticketing v1.4.16 h1:VMhaxENkYyipwQVKVa+NLvyEjRBJ1UlWGOvmLj0pGDY=
github.com/matthxwpavin/ticketing v1.4.16/go.mod h1:lOUiLAYRNfn+UoXuCeWV74Lr2MuSz/WtLBxYzBxcoYU=
github.com/matthxwpavin/ticketing v1.4.17 h1:npftOmk76cMBHGX5/Bh2JKnYljTadj8XpeiF5mai1nw=
github.com/matthxwpavin/ticketing v1.4.17/go.mod h1:lOUiLAYRNfn+UoXuCeWV74Lr2MuSz/WtLBxYzBxcoYU=
github.com/matthxwpavin/ticketing v1.4.18 h1:Ndtxde6WZmMzhBQaKv2eZ6VpRC56IepENnFhpiS5v4A=
github.com/matthxwpavin/ticketing v1.4.18/go.mod h1:lOUiLAYRNfn+UoXuCeWV74Lr2MuSz/WtLBxYzBxcoYU=
github.com/matthxwpavin/ticketing v1.4.19 h1:+M8L48wUYXRzeGKAz6D/mZV0y/EX32tQLRiswr00U6Q=
github.com/matthxwpavin/ticketing v1.4.19/go.mod h1:lOUiLAYRNfn+UoXuCeWV74Lr2MuSz/WtLBxYzBxcoYU=
github.com/matthxwpavin/ticketing v1.4.20 h1:kZUnCSH06lbqWqFnn+eBziOVTr5a/WzPlbvE7jxZq1w=
github.com/matthxwpavin/ticketing v1.4.20/go.mod h1:lOUiLAYRNfn+UoXuCeWV74Lr2MuSz/WtLBxYzBxcoYU=
github.com/matthxwpavin/ticketing v1.4.21 h1:5kpBZdV2/GQLA2IReYt4RkZs2X1yhhMwTeyQz/nEySo=
github.com/matthxwpavin/ticketing v1.4.21/go.mod h1:lOUiLAYRNfn+UoXuCeWV74Lr2MuSz/WtLBxYzBxcoYU=
github.com/matthxwpavin/ticketing v1.4.22 h1:jzy74QCplv5big8wEw5bKMh/rvpiegjmJBV4Mz9qVFk=
github.com/matthxwpavin/ticketing v1.4.22/go.mod h1:lOUiLAYRNfn+UoXuCeWV74Lr2MuSz/WtLBxYzBxcoYU=
github.com/matthxwpavin/ticketing v1.4.23 h1:/sddW1eA29ut8R3xPoGlktDY0fbWJaZP+j7bzvHe+hU=
github.com/matthxwpavin/ticketing v1.4.23/go.mod h1:lOUiLAYRNfn+UoXuCeWV74Lr2MuSz/WtLBxYzBxcoYU=
github.com/matthxwpavin/ticketing v1.4.24 h1:pa7rZvRNVAJuODRjo77w21fJTmioqz1CCbe7PJ97eyY=
github.com/matthxwpavin/ticketing v1.4.24/go.mod h1:lOUiLAYRNfn+UoXuCeWV74Lr2MuSz/WtLBxYzBxcoYU=
github.com/nats-io/nats.go v1.36.0 h1:suEUPuWzTSse/XhESwqLxXGuj8vGRuPRoG7MoRN/qyU=
github.com/nats-io/nats.go v1.36.0/go.mod h1:Ubdu4Nh9exXdSz0RVWRFBbRfrbSxOYd26oF0wkWclB8=
github.com/nats-io/nkeys v0.4.7 h1:RwNJbbIdYCoClSDNY7QVKZlyb/wfT6ugvFCiKy6vDvI=
github.com/nats-io/nkeys v0.4.7/go.mod h1:kqXRgRDPlGy7nGaEDMuYzmiJCIAAWDK0IMBtDmGD0nc=
github.com/nats-io/nuid v1.0.1 h1:5iA8DT8V7q8WK2EScv2padNa/rTESc1KdnPw4TC2paw=
github.com/nats-io/nuid v1.0.1/go.mod h1:19wcPz3Ph3q0Jbyiqsd0kePYG7A95tJPxeL+1OSON2c=
github.com/pmezard/go-difflib v1.0.0 h1:4DBwDE0NGyQoBHbLQYPwSUPoCMWR5BEzIk/f1lZbAQM=
github.com/pmezard/go-difflib v1.0.0/go.mod h1:iKH77koFhYxTK1pcRnkKkqfTogsbg7gZNVY4sRDYZ/4=
github.com/redis/go-redis/v9 v9.0.5/go.mod h1:WqMKv5vnQbRuZstUwxQI195wHy+t4PuXDOjzMvcuQHk=
github.com/redis/go-redis/v9 v9.3.0 h1:RiVDjmig62jIWp7Kk4XVLs0hzV6pI3PyTnnL0cnn0u0=
github.com/redis/go-redis/v9 v9.3.0/go.mod h1:hdY0cQFCN4fnSYT6TkisLufl/4W5UIXyv0b/CLO2V2M=
github.com/redis/go-redis/v9 v9.6.1 h1:HHDteefn6ZkTtY5fGUE8tj8uy85AHk6zP7CpzIAM0y4=
github.com/redis/go-redis/v9 v9.6.1/go.mod h1:0C0c6ycQsdpVNQpxb1njEQIqkx5UcsM8FJCQLgE9+RA=
github.com/stretchr/testify v1.8.4 h1:CcVxjf3Q8PM0mHUKJCdn+eZZtm5yQwehR5yeSVQQcUk=
github.com/stretchr/testify v1.8.4/go.mod h1:sz/lmYIOXD/1dqDmKjjqLyZ2RngseejIcXlSw2iwfAo=
go.mongodb.org/mongo-driver v1.16.0 h1:tpRsfBJMROVHKpdGyc1BBEzzjDUWjItxbVSZ8Ls4BQ4=
go.mongodb.org/mongo-driver v1.16.0/go.mod h1:oB6AhJQvFQL4LEHyXi6aJzQJtBiTQHiAd83l0GdFaiw=
go.uber.org/goleak v1.3.0 h1:2K3zAYmnTNqV73imy9J1T3WC+gmCePx2hEGkimedGto=
go.uber.org/goleak v1.3.0/go.mod h1:CoHD4mav9JJNrW/WLlf7HGZPjdw8EucARQHekz1X6bE=
go.uber.org/multierr v1.10.0 h1:S0h4aNzvfcFsC3dRF1jLoaov7oRaKqRGC/pUEJ2yvPQ=
go.uber.org/multierr v1.10.0/go.mod h1:20+QtiLqy0Nd6FdQB9TLXag12DsQkrbs3htMFfDN80Y=
go.uber.org/zap v1.27.0 h1:aJMhYGrd5QSmlpLMr2MftRKl7t8J8PTZPA732ud/XR8=
go.uber.org/zap v1.27.0/go.mod h1:GB2qFLM7cTU87MWRP2mPIjqfIDnGu+VIO4V/SdhGo2E=
golang.org/x/crypto v0.25.0 h1:ypSNr+bnYL2YhwoMt2zPxHFmbAN1KZs/njMG3hxUp30=
golang.org/x/crypto v0.25.0/go.mod h1:T+wALwcMOSE0kXgUAnPAHqTLW+XHgcELELW8VaDgm/M=
golang.org/x/sys v0.22.0 h1:RI27ohtqKCnwULzJLqkv897zojh5/DwS/ENaMzUOaWI=
golang.org/x/sys v0.22.0/go.mod h1:/VUhepiaJMQUp4+oa/7Zr1D23ma6VTLIYjOOTFZPUcA=
golang.org/x/text v0.16.0 h1:a94ExnEXNtEwYLGJSIUxnWoxoRz/ZcCsV63ROupILh4=
golang.org/x/text v0.16.0/go.mod h1:GhwF1Be+LQoKShO3cGOHzqOgRrGaYc9AvblQOmPVHnI=
gopkg.in/check.v1 v0.0.0-20161208181325-20d25e280405 h1:yhCVgyC4o1eVCa2tZl7eS0r+SDo693bJlVdllGtEeKM=
gopkg.in/check.v1 v0.0.0-20161208181325-20d25e280405/go.mod h1:Co6ibVJAznAaIkqp8huTwlJQCZ016jof/cbN4VW5Yz0=
gopkg.in/yaml.v3 v3.0.1 h1:fxVm/GzAzEWqLHuvctI91KS9hhNmmWOoWu0XTYJS7CA=
gopkg.in/yaml.v3 v3.0.1/go.mod h1:K4uyk7z7BCEPqu6E+C64Yfv1cQ7kz7rIZviUmN+EgEM=
